PATH
  remote: .
  specs:
    CoolRubyGem (0.1.0)

GEM
  remote: https://rubygems.org/
  specs:
    io-console (0.6.0)
    irb (1.6.2)
      reline (>= 0.3.0)
    minitest (5.25.1)
    rake (13.0.6)
    reline (0.3.2)
      io-console (~> 0.5)

PLATFORMS
  x64-mingw-ucrt

DEPENDENCIES
  CoolRubyGem!
  irb
  minitest (~> 5.16, ~> 5.0)
  rake (~> 13.0)

BUNDLED WITH
  4.0.10
